
Microsoft Visual Studio Solution File, Format Version 12.00
# Visual Studio Version 17
VisualStudioVersion = 17.7.34018.315
MinimumVisualStudioVersion = 10.0.40219.1
Project("{9A19103F-16F7-4668-BE54-9A1E7A4F7556}") = "ArtCommissions", "ArtCommissions\ArtCommissions.csproj", "{C8534B80-5473-47D9-B939-D85E0A0456CF}"
EndProject
Project("{9A19103F-16F7-4668-BE54-9A1E7A4F7556}") = "ArtAPI", "ArtAPI\ArtAPI.csproj", "{A6EE0D8C-98D2-4155-AFDD-7F4BEAB43DC2}"
	ProjectSection(ProjectDependencies) = postProject
		{C8534B80-5473-47D9-B939-D85E0A0456CF} = {C8534B80-5473-47D9-B939-D85E0A0456CF}
	EndProjectSection
EndProject
Project("{FAE04EC0-301F-11D3-BF4B-00C04F79EFBC}") = "ArtCommissions.Tests", "ArtCommissions.Tests\ArtCommissions.Tests.csproj", "{2EE0B897-0655-44F5-8A58-5C46EFE44B8A}"
EndProject
Global
	GlobalSection(SolutionConfigurationPlatforms) = preSolution
		Debug|Any CPU = Debug|Any CPU
		Release|Any CPU = Release|Any CPU
	EndGlobalSection
	GlobalSection(ProjectConfigurationPlatforms) = postSolution
		{C8534B80-5473-47D9-B939-D85E0A0456CF}.Debug|Any CPU.ActiveCfg = Debug|Any CPU
		{C8534B80-5473-47D9-B939-D85E0A0456CF}.Debug|Any CPU.Build.0 = Debug|Any CPU
		{C8534B80-5473-47D9-B939-D85E0A0456CF}.Release|Any CPU.ActiveCfg = Release|Any CPU
		{C8534B80-5473-47D9-B939-D85E0A0456CF}.Release|Any CPU.Build.0 = Release|Any CPU
		{A6EE0D8C-98D2-4155-AFDD-7F4BEAB43DC2}.Debug|Any CPU.ActiveCfg = Debug|Any CPU
		{A6EE0D8C-98D2-4155-AFDD-7F4BEAB43DC2}.Debug|Any CPU.Build.0 = Debug|Any CPU
		{A6EE0D8C-98D2-4155-AFDD-7F4BEAB43DC2}.Release|Any CPU.ActiveCfg = Release|Any CPU
		{A6EE0D8C-98D2-4155-AFDD-7F4BEAB43DC2}.Release|Any CPU.Build.0 = Release|Any CPU
		{2EE0B897-0655-44F5-8A58-5C46EFE44B8A}.Debug|Any CPU.ActiveCfg = Debug|Any CPU
		{2EE0B897-0655-44F5-8A58-5C46EFE44B8A}.Debug|Any CPU.Build.0 = Debug|Any CPU
		{2EE0B897-0655-44F5-8A58-5C46EFE44B8A}.Release|Any CPU.ActiveCfg = Release|Any CPU
		{2EE0B897-0655-44F5-8A58-5C46EFE44B8A}.Release|Any CPU.Build.0 = Release|Any CPU
	EndGlobalSection
	GlobalSection(SolutionProperties) = preSolution
		HideSolutionNode = FALSE
	EndGlobalSection
	GlobalSection(ExtensibilityGlobals) = postSolution
		SolutionGuid = {A13D8C60-AE34-4BCC-AE0B-FBFE8A1E220D}
	EndGlobalSection
EndGlobal
